
Microsoft Visual Studio Solution File, Format Version 12.00
# Visual Studio Version 16
VisualStudioVersion = 16.0.31605.320
MinimumVisualStudioVersion = 10.0.40219.1
Project("{9A19103F-16F7-4668-BE54-9A1E7A4F7556}") = "VictDem", "VictDem\VictDem.csproj", "{02E8EA4B-329D-4CBF-93FF-17E7F9D506DA}"
EndProject
Project("{9A19103F-16F7-4668-BE54-9A1E7A4F7556}") = "Delegates Ex2", "Delegates Ex2\Delegates Ex2.csproj", "{E90B3F06-D540-41BB-834D-73A73EC08A05}"
EndProject
Project("{9A19103F-16F7-4668-BE54-9A1E7A4F7556}") = "Delegate Ex3", "Delegate Ex3\Delegate Ex3.csproj", "{C92D10E8-24AC-462E-A948-D090C152C86F}"
EndProject
Project("{2150E333-8FDC-42A3-9474-1A3956D46DE8}") = "First", "First", "{E6060F49-4035-48C0-8849-D371ABCB861B}"
	ProjectSection(SolutionItems) = preProject
		..\..\..\..\Downloads\Семинар_3_01a_Делегаты, анонимные методы, лямбда выражения.pptx = ..\..\..\..\Downloads\Семинар_3_01a_Делегаты, анонимные методы, лямбда выражения.pptx
	EndProjectSection
EndProject
Project("{2150E333-8FDC-42A3-9474-1A3956D46DE8}") = "Second", "Second", "{1FFF207A-B704-4752-9E09-020F97B384A0}"
	ProjectSection(SolutionItems) = preProject
		..\..\..\..\Downloads\Семинар_3_01b_Делегаты, обратный вызов.pptx = ..\..\..\..\Downloads\Семинар_3_01b_Делегаты, обратный вызов.pptx
	EndProjectSection
EndProject
Project("{9A19103F-16F7-4668-BE54-9A1E7A4F7556}") = "Delegate Ex1", "Delegate Ex1\Delegate Ex1.csproj", "{4DB1E6F2-116F-423F-A035-F9C85485ADF6}"
EndProject
Project("{9A19103F-16F7-4668-BE54-9A1E7A4F7556}") = "ClassLibrary Ex1", "ClassLibrary Ex1\ClassLibrary Ex1.csproj", "{C9933A5D-31C5-4A5A-8C45-478B2B526DBB}"
EndProject
Project("{9A19103F-16F7-4668-BE54-9A1E7A4F7556}") = "Delegate ExCar", "Delegate ExCar\Delegate ExCar.csproj", "{1D301B34-2578-4E16-B3AB-511F75D37401}"
EndProject
Project("{9A19103F-16F7-4668-BE54-9A1E7A4F7556}") = "Cars", "Cars\Cars.csproj", "{59106BBE-3090-468A-AD51-C0081980F306}"
EndProject
Project("{9A19103F-16F7-4668-BE54-9A1E7A4F7556}") = "Delegate MySelf1", "Delegate MySelf1\Delegate MySelf1.csproj", "{68B602C6-A04F-4CC6-A80F-7E4E77F90B92}"
EndProject
Project("{9A19103F-16F7-4668-BE54-9A1E7A4F7556}") = "Delegate MySelf2", "Delegate MySelf2\Delegate MySelf2.csproj", "{6D5E5523-A048-4E5E-B55B-C5BAE3B85123}"
EndProject
Project("{9A19103F-16F7-4668-BE54-9A1E7A4F7556}") = "Delegate MySelf3", "Delegate MySelf3\Delegate MySelf3.csproj", "{D45DFF03-4BE7-4CF6-856D-F763365C594A}"
EndProject
Project("{9A19103F-16F7-4668-BE54-9A1E7A4F7556}") = "ClassLibrary1", "ClassLibrary1\ClassLibrary1.csproj", "{98084379-145D-42D1-821D-E6EAE70D4FD2}"
EndProject
Project("{9A19103F-16F7-4668-BE54-9A1E7A4F7556}") = "ClassLibrary2", "ClassLibrary2\ClassLibrary2.csproj", "{4FE288A3-8554-40C6-9782-7D217C01502C}"
EndProject
Project("{9A19103F-16F7-4668-BE54-9A1E7A4F7556}") = "Delegate Ex 2", "Delegate Ex 2\Delegate Ex 2.csproj", "{A6906681-F444-4A9E-B7A3-0D48370894F1}"
EndProject
Global
	GlobalSection(SolutionConfigurationPlatforms) = preSolution
		Debug|Any CPU = Debug|Any CPU
		Release|Any CPU = Release|Any CPU
	EndGlobalSection
	GlobalSection(ProjectConfigurationPlatforms) = postSolution
		{02E8EA4B-329D-4CBF-93FF-17E7F9D506DA}.Debug|Any CPU.ActiveCfg = Debug|Any CPU
		{02E8EA4B-329D-4CBF-93FF-17E7F9D506DA}.Debug|Any CPU.Build.0 = Debug|Any CPU
		{02E8EA4B-329D-4CBF-93FF-17E7F9D506DA}.Release|Any CPU.ActiveCfg = Release|Any CPU
		{02E8EA4B-329D-4CBF-93FF-17E7F9D506DA}.Release|Any CPU.Build.0 = Release|Any CPU
		{E90B3F06-D540-41BB-834D-73A73EC08A05}.Debug|Any CPU.ActiveCfg = Debug|Any CPU
		{E90B3F06-D540-41BB-834D-73A73EC08A05}.Debug|Any CPU.Build.0 = Debug|Any CPU
		{E90B3F06-D540-41BB-834D-73A73EC08A05}.Release|Any CPU.ActiveCfg = Release|Any CPU
		{E90B3F06-D540-41BB-834D-73A73EC08A05}.Release|Any CPU.Build.0 = Release|Any CPU
		{C92D10E8-24AC-462E-A948-D090C152C86F}.Debug|Any CPU.ActiveCfg = Debug|Any CPU
		{C92D10E8-24AC-462E-A948-D090C152C86F}.Debug|Any CPU.Build.0 = Debug|Any CPU
		{C92D10E8-24AC-462E-A948-D090C152C86F}.Release|Any CPU.ActiveCfg = Release|Any CPU
		{C92D10E8-24AC-462E-A948-D090C152C86F}.Release|Any CPU.Build.0 = Release|Any CPU
		{4DB1E6F2-116F-423F-A035-F9C85485ADF6}.Debug|Any CPU.ActiveCfg = Debug|Any CPU
		{4DB1E6F2-116F-423F-A035-F9C85485ADF6}.Debug|Any CPU.Build.0 = Debug|Any CPU
		{4DB1E6F2-116F-423F-A035-F9C85485ADF6}.Release|Any CPU.ActiveCfg = Release|Any CPU
		{4DB1E6F2-116F-423F-A035-F9C85485ADF6}.Release|Any CPU.Build.0 = Release|Any CPU
		{C9933A5D-31C5-4A5A-8C45-478B2B526DBB}.Debug|Any CPU.ActiveCfg = Debug|Any CPU
		{C9933A5D-31C5-4A5A-8C45-478B2B526DBB}.Debug|Any CPU.Build.0 = Debug|Any CPU
		{C9933A5D-31C5-4A5A-8C45-478B2B526DBB}.Release|Any CPU.ActiveCfg = Release|Any CPU
		{C9933A5D-31C5-4A5A-8C45-478B2B526DBB}.Release|Any CPU.Build.0 = Release|Any CPU
		{1D301B34-2578-4E16-B3AB-511F75D37401}.Debug|Any CPU.ActiveCfg = Debug|Any CPU
		{1D301B34-2578-4E16-B3AB-511F75D37401}.Debug|Any CPU.Build.0 = Debug|Any CPU
		{1D301B34-2578-4E16-B3AB-511F75D37401}.Release|Any CPU.ActiveCfg = Release|Any CPU
		{1D301B34-2578-4E16-B3AB-511F75D37401}.Release|Any CPU.Build.0 = Release|Any CPU
		{59106BBE-3090-468A-AD51-C0081980F306}.Debug|Any CPU.ActiveCfg = Debug|Any CPU
		{59106BBE-3090-468A-AD51-C0081980F306}.Debug|Any CPU.Build.0 = Debug|Any CPU
		{59106BBE-3090-468A-AD51-C0081980F306}.Release|Any CPU.ActiveCfg = Release|Any CPU
		{59106BBE-3090-468A-AD51-C0081980F306}.Release|Any CPU.Build.0 = Release|Any CPU
		{68B602C6-A04F-4CC6-A80F-7E4E77F90B92}.Debug|Any CPU.ActiveCfg = Debug|Any CPU
		{68B602C6-A04F-4CC6-A80F-7E4E77F90B92}.Debug|Any CPU.Build.0 = Debug|Any CPU
		{68B602C6-A04F-4CC6-A80F-7E4E77F90B92}.Release|Any CPU.ActiveCfg = Release|Any CPU
		{68B602C6-A04F-4CC6-A80F-7E4E77F90B92}.Release|Any CPU.Build.0 = Release|Any CPU
		{6D5E5523-A048-4E5E-B55B-C5BAE3B85123}.Debug|Any CPU.ActiveCfg = Debug|Any CPU
		{6D5E5523-A048-4E5E-B55B-C5BAE3B85123}.Debug|Any CPU.Build.0 = Debug|Any CPU
		{6D5E5523-A048-4E5E-B55B-C5BAE3B85123}.Release|Any CPU.ActiveCfg = Release|Any CPU
		{6D5E5523-A048-4E5E-B55B-C5BAE3B85123}.Release|Any CPU.Build.0 = Release|Any CPU
		{D45DFF03-4BE7-4CF6-856D-F763365C594A}.Debug|Any CPU.ActiveCfg = Debug|Any CPU
		{D45DFF03-4BE7-4CF6-856D-F763365C594A}.Debug|Any CPU.Build.0 = Debug|Any CPU
		{D45DFF03-4BE7-4CF6-856D-F763365C594A}.Release|Any CPU.ActiveCfg = Release|Any CPU
		{D45DFF03-4BE7-4CF6-856D-F763365C594A}.Release|Any CPU.Build.0 = Release|Any CPU
		{98084379-145D-42D1-821D-E6EAE70D4FD2}.Debug|Any CPU.ActiveCfg = Debug|Any CPU
		{98084379-145D-42D1-821D-E6EAE70D4FD2}.Debug|Any CPU.Build.0 = Debug|Any CPU
		{98084379-145D-42D1-821D-E6EAE70D4FD2}.Release|Any CPU.ActiveCfg = Release|Any CPU
		{98084379-145D-42D1-821D-E6EAE70D4FD2}.Release|Any CPU.Build.0 = Release|Any CPU
		{4FE288A3-8554-40C6-9782-7D217C01502C}.Debug|Any CPU.ActiveCfg = Debug|Any CPU
		{4FE288A3-8554-40C6-9782-7D217C01502C}.Debug|Any CPU.Build.0 = Debug|Any CPU
		{4FE288A3-8554-40C6-9782-7D217C01502C}.Release|Any CPU.ActiveCfg = Release|Any CPU
		{4FE288A3-8554-40C6-9782-7D217C01502C}.Release|Any CPU.Build.0 = Release|Any CPU
		{A6906681-F444-4A9E-B7A3-0D48370894F1}.Debug|Any CPU.ActiveCfg = Debug|Any CPU
		{A6906681-F444-4A9E-B7A3-0D48370894F1}.Debug|Any CPU.Build.0 = Debug|Any CPU
		{A6906681-F444-4A9E-B7A3-0D48370894F1}.Release|Any CPU.ActiveCfg = Release|Any CPU
		{A6906681-F444-4A9E-B7A3-0D48370894F1}.Release|Any CPU.Build.0 = Release|Any CPU
	EndGlobalSection
	GlobalSection(SolutionProperties) = preSolution
		HideSolutionNode = FALSE
	EndGlobalSection
	GlobalSection(NestedProjects) = preSolution
		{02E8EA4B-329D-4CBF-93FF-17E7F9D506DA} = {E6060F49-4035-48C0-8849-D371ABCB861B}
		{E90B3F06-D540-41BB-834D-73A73EC08A05} = {E6060F49-4035-48C0-8849-D371ABCB861B}
		{C92D10E8-24AC-462E-A948-D090C152C86F} = {E6060F49-4035-48C0-8849-D371ABCB861B}
		{4DB1E6F2-116F-423F-A035-F9C85485ADF6} = {1FFF207A-B704-4752-9E09-020F97B384A0}
		{C9933A5D-31C5-4A5A-8C45-478B2B526DBB} = {1FFF207A-B704-4752-9E09-020F97B384A0}
		{1D301B34-2578-4E16-B3AB-511F75D37401} = {1FFF207A-B704-4752-9E09-020F97B384A0}
		{59106BBE-3090-468A-AD51-C0081980F306} = {1FFF207A-B704-4752-9E09-020F97B384A0}
		{68B602C6-A04F-4CC6-A80F-7E4E77F90B92} = {E6060F49-4035-48C0-8849-D371ABCB861B}
		{6D5E5523-A048-4E5E-B55B-C5BAE3B85123} = {E6060F49-4035-48C0-8849-D371ABCB861B}
		{D45DFF03-4BE7-4CF6-856D-F763365C594A} = {E6060F49-4035-48C0-8849-D371ABCB861B}
		{98084379-145D-42D1-821D-E6EAE70D4FD2} = {E6060F49-4035-48C0-8849-D371ABCB861B}
		{4FE288A3-8554-40C6-9782-7D217C01502C} = {E6060F49-4035-48C0-8849-D371ABCB861B}
		{A6906681-F444-4A9E-B7A3-0D48370894F1} = {1FFF207A-B704-4752-9E09-020F97B384A0}
	EndGlobalSection
	GlobalSection(ExtensibilityGlobals) = postSolution
		SolutionGuid = {D5AAA510-2469-4C96-8FEB-E07C071A8E3D}
	EndGlobalSection
EndGlobal
