
Microsoft Visual Studio Solution File, Format Version 12.00
# Visual Studio Version 16
VisualStudioVersion = 16.0.31605.320
MinimumVisualStudioVersion = 10.0.40219.1
Project("{9A19103F-16F7-4668-BE54-9A1E7A4F7556}") = "VictDem", "VictDem\VictDem.csproj", "{02E8EA4B-329D-4CBF-93FF-17E7F9D506DA}"
EndProject
Project("{9A19103F-16F7-4668-BE54-9A1E7A4F7556}") = "Delegates Ex2", "Delegates Ex2\Delegates Ex2.csproj", "{E90B3F06-D540-41BB-834D-73A73EC08A05}"
EndProject
Project("{9A19103F-16F7-4668-BE54-9A1E7A4F7556}") = "Delegate Ex3", "Delegate Ex3\Delegate Ex3.csproj", "{C92D10E8-24AC-462E-A948-D090C152C86F}"
EndProject
Project("{2150E333-8FDC-42A3-9474-1A3956D46DE8}") = "First", "First", "{E6060F49-4035-48C0-8849-D371ABCB861B}"
EndProject
Project("{2150E333-8FDC-42A3-9474-1A3956D46DE8}") = "Second", "Second", "{1FFF207A-B704-4752-9E09-020F97B384A0}"
EndProject
Project("{9A19103F-16F7-4668-BE54-9A1E7A4F7556}") = "Delegate Ex1", "Delegate Ex1\Delegate Ex1.csproj", "{4DB1E6F2-116F-423F-A035-F9C85485ADF6}"
EndProject
Project("{9A19103F-16F7-4668-BE54-9A1E7A4F7556}") = "ClassLibrary Ex1", "ClassLibrary Ex1\ClassLibrary Ex1.csproj", "{C9933A5D-31C5-4A5A-8C45-478B2B526DBB}"
EndProject
Project("{9A19103F-16F7-4668-BE54-9A1E7A4F7556}") = "Delegate ExCar", "Delegate ExCar\Delegate ExCar.csproj", "{1D301B34-2578-4E16-B3AB-511F75D37401}"
EndProject
Project("{9A19103F-16F7-4668-BE54-9A1E7A4F7556}") = "Cars", "Cars\Cars.csproj", "{59106BBE-3090-468A-AD51-C0081980F306}"
EndProject
Project("{9A19103F-16F7-4668-BE54-9A1E7A4F7556}") = "Delegate MySelf1 p2", "Delegate MySelf1 p2\Delegate MySelf1 p2.csproj", "{A1BA533D-FFEC-4147-9E02-41F9020668D4}"
EndProject
Project("{9A19103F-16F7-4668-BE54-9A1E7A4F7556}") = "Delegate MySelf2 p2", "Delegate MySelf2 p2\Delegate MySelf2 p2.csproj", "{8388F6D7-6A11-4333-A19C-0B4918100876}"
EndProject
Project("{9A19103F-16F7-4668-BE54-9A1E7A4F7556}") = "Delegate MySelf3 p2", "Delegate MySelf3 p2\Delegate MySelf3 p2.csproj", "{EE34DA9C-9FF8-4869-BE1D-9A0EE6D0DC50}"
EndProject
Project("{2150E333-8FDC-42A3-9474-1A3956D46DE8}") = "Third Events", "Third Events", "{9530724A-6151-434F-A4EE-A8AE713A60F9}"
EndProject
Project("{9A19103F-16F7-4668-BE54-9A1E7A4F7556}") = "Events Ex1", "Events Ex1\Events Ex1.csproj", "{58E6BE2A-C776-431A-B971-45FA087C45E4}"
EndProject
Project("{9A19103F-16F7-4668-BE54-9A1E7A4F7556}") = "Events Ex2", "Events Ex2\Events Ex2.csproj", "{B4E01F6B-2A45-4364-AF8A-F6F713B876EA}"
EndProject
Project("{9A19103F-16F7-4668-BE54-9A1E7A4F7556}") = "Events Ex3  WinForms", "Events Ex3  WinForms\Events Ex3  WinForms.csproj", "{062B190D-C761-4838-AF57-B5271B838645}"
EndProject
Project("{2150E333-8FDC-42A3-9474-1A3956D46DE8}") = "Fourth", "Fourth", "{EF8153D0-A17D-4C31-A1EC-B3F4B91EB8AA}"
EndProject
Project("{9A19103F-16F7-4668-BE54-9A1E7A4F7556}") = "Ex1 Interface", "Ex1 Interface\Ex1 Interface.csproj", "{171AC3C8-CAEB-46ED-B144-7CCE9E908BB5}"
EndProject
Project("{9A19103F-16F7-4668-BE54-9A1E7A4F7556}") = "Ex2 Interface", "Ex2 Interface\Ex2 Interface.csproj", "{72CBFF48-F9CA-4F23-BF10-0FC8C25794FE}"
EndProject
Project("{2150E333-8FDC-42A3-9474-1A3956D46DE8}") = "Five", "Five", "{DA15265E-D631-4E76-ADC1-FE1F2B961CB7}"
EndProject
Project("{9A19103F-16F7-4668-BE54-9A1E7A4F7556}") = "Ex1_Struct", "Ex1_Struct\Ex1_Struct.csproj", "{02FEE2EB-3221-472A-A649-4F350ACA86FB}"
EndProject
Project("{9A19103F-16F7-4668-BE54-9A1E7A4F7556}") = "Circle", "Circle\Circle.csproj", "{4E42067F-1FAF-42AC-8A82-ACAC928D6D3B}"
EndProject
Project("{2150E333-8FDC-42A3-9474-1A3956D46DE8}") = "Six", "Six", "{C15C061A-0CBF-43F4-A487-EA8BDEB800FA}"
EndProject
Project("{FAE04EC0-301F-11D3-BF4B-00C04F79EFBC}") = "Ex1 Stream", "Ex1 Stream\Ex1 Stream.csproj", "{3F303069-1F2C-4C80-ADB4-B07ADCB92910}"
EndProject
Project("{FAE04EC0-301F-11D3-BF4B-00C04F79EFBC}") = "Ex2 Stream", "Ex2 Stream\Ex2 Stream.csproj", "{6D1D99E1-48D1-4F67-84D4-667DA95F5EF8}"
EndProject
Project("{FAE04EC0-301F-11D3-BF4B-00C04F79EFBC}") = "Ex1_2 Stream", "Ex1_2 Stream\Ex1_2 Stream.csproj", "{8595CEBD-3D5D-4B53-8444-920EF855AFAE}"
EndProject
Global
	GlobalSection(SolutionConfigurationPlatforms) = preSolution
		Debug|Any CPU = Debug|Any CPU
		Release|Any CPU = Release|Any CPU
	EndGlobalSection
	GlobalSection(ProjectConfigurationPlatforms) = postSolution
		{02E8EA4B-329D-4CBF-93FF-17E7F9D506DA}.Debug|Any CPU.ActiveCfg = Debug|Any CPU
		{02E8EA4B-329D-4CBF-93FF-17E7F9D506DA}.Debug|Any CPU.Build.0 = Debug|Any CPU
		{02E8EA4B-329D-4CBF-93FF-17E7F9D506DA}.Release|Any CPU.ActiveCfg = Release|Any CPU
		{02E8EA4B-329D-4CBF-93FF-17E7F9D506DA}.Release|Any CPU.Build.0 = Release|Any CPU
		{E90B3F06-D540-41BB-834D-73A73EC08A05}.Debug|Any CPU.ActiveCfg = Debug|Any CPU
		{E90B3F06-D540-41BB-834D-73A73EC08A05}.Debug|Any CPU.Build.0 = Debug|Any CPU
		{E90B3F06-D540-41BB-834D-73A73EC08A05}.Release|Any CPU.ActiveCfg = Release|Any CPU
		{E90B3F06-D540-41BB-834D-73A73EC08A05}.Release|Any CPU.Build.0 = Release|Any CPU
		{C92D10E8-24AC-462E-A948-D090C152C86F}.Debug|Any CPU.ActiveCfg = Debug|Any CPU
		{C92D10E8-24AC-462E-A948-D090C152C86F}.Debug|Any CPU.Build.0 = Debug|Any CPU
		{C92D10E8-24AC-462E-A948-D090C152C86F}.Release|Any CPU.ActiveCfg = Release|Any CPU
		{C92D10E8-24AC-462E-A948-D090C152C86F}.Release|Any CPU.Build.0 = Release|Any CPU
		{4DB1E6F2-116F-423F-A035-F9C85485ADF6}.Debug|Any CPU.ActiveCfg = Debug|Any CPU
		{4DB1E6F2-116F-423F-A035-F9C85485ADF6}.Debug|Any CPU.Build.0 = Debug|Any CPU
		{4DB1E6F2-116F-423F-A035-F9C85485ADF6}.Release|Any CPU.ActiveCfg = Release|Any CPU
		{4DB1E6F2-116F-423F-A035-F9C85485ADF6}.Release|Any CPU.Build.0 = Release|Any CPU
		{C9933A5D-31C5-4A5A-8C45-478B2B526DBB}.Debug|Any CPU.ActiveCfg = Debug|Any CPU
		{C9933A5D-31C5-4A5A-8C45-478B2B526DBB}.Debug|Any CPU.Build.0 = Debug|Any CPU
		{C9933A5D-31C5-4A5A-8C45-478B2B526DBB}.Release|Any CPU.ActiveCfg = Release|Any CPU
		{C9933A5D-31C5-4A5A-8C45-478B2B526DBB}.Release|Any CPU.Build.0 = Release|Any CPU
		{1D301B34-2578-4E16-B3AB-511F75D37401}.Debug|Any CPU.ActiveCfg = Debug|Any CPU
		{1D301B34-2578-4E16-B3AB-511F75D37401}.Debug|Any CPU.Build.0 = Debug|Any CPU
		{1D301B34-2578-4E16-B3AB-511F75D37401}.Release|Any CPU.ActiveCfg = Release|Any CPU
		{1D301B34-2578-4E16-B3AB-511F75D37401}.Release|Any CPU.Build.0 = Release|Any CPU
		{59106BBE-3090-468A-AD51-C0081980F306}.Debug|Any CPU.ActiveCfg = Debug|Any CPU
		{59106BBE-3090-468A-AD51-C0081980F306}.Debug|Any CPU.Build.0 = Debug|Any CPU
		{59106BBE-3090-468A-AD51-C0081980F306}.Release|Any CPU.ActiveCfg = Release|Any CPU
		{59106BBE-3090-468A-AD51-C0081980F306}.Release|Any CPU.Build.0 = Release|Any CPU
		{A1BA533D-FFEC-4147-9E02-41F9020668D4}.Debug|Any CPU.ActiveCfg = Debug|Any CPU
		{A1BA533D-FFEC-4147-9E02-41F9020668D4}.Debug|Any CPU.Build.0 = Debug|Any CPU
		{A1BA533D-FFEC-4147-9E02-41F9020668D4}.Release|Any CPU.ActiveCfg = Release|Any CPU
		{A1BA533D-FFEC-4147-9E02-41F9020668D4}.Release|Any CPU.Build.0 = Release|Any CPU
		{8388F6D7-6A11-4333-A19C-0B4918100876}.Debug|Any CPU.ActiveCfg = Debug|Any CPU
		{8388F6D7-6A11-4333-A19C-0B4918100876}.Debug|Any CPU.Build.0 = Debug|Any CPU
		{8388F6D7-6A11-4333-A19C-0B4918100876}.Release|Any CPU.ActiveCfg = Release|Any CPU
		{8388F6D7-6A11-4333-A19C-0B4918100876}.Release|Any CPU.Build.0 = Release|Any CPU
		{EE34DA9C-9FF8-4869-BE1D-9A0EE6D0DC50}.Debug|Any CPU.ActiveCfg = Debug|Any CPU
		{EE34DA9C-9FF8-4869-BE1D-9A0EE6D0DC50}.Debug|Any CPU.Build.0 = Debug|Any CPU
		{EE34DA9C-9FF8-4869-BE1D-9A0EE6D0DC50}.Release|Any CPU.ActiveCfg = Release|Any CPU
		{EE34DA9C-9FF8-4869-BE1D-9A0EE6D0DC50}.Release|Any CPU.Build.0 = Release|Any CPU
		{58E6BE2A-C776-431A-B971-45FA087C45E4}.Debug|Any CPU.ActiveCfg = Debug|Any CPU
		{58E6BE2A-C776-431A-B971-45FA087C45E4}.Debug|Any CPU.Build.0 = Debug|Any CPU
		{58E6BE2A-C776-431A-B971-45FA087C45E4}.Release|Any CPU.ActiveCfg = Release|Any CPU
		{58E6BE2A-C776-431A-B971-45FA087C45E4}.Release|Any CPU.Build.0 = Release|Any CPU
		{B4E01F6B-2A45-4364-AF8A-F6F713B876EA}.Debug|Any CPU.ActiveCfg = Debug|Any CPU
		{B4E01F6B-2A45-4364-AF8A-F6F713B876EA}.Debug|Any CPU.Build.0 = Debug|Any CPU
		{B4E01F6B-2A45-4364-AF8A-F6F713B876EA}.Release|Any CPU.ActiveCfg = Release|Any CPU
		{B4E01F6B-2A45-4364-AF8A-F6F713B876EA}.Release|Any CPU.Build.0 = Release|Any CPU
		{062B190D-C761-4838-AF57-B5271B838645}.Debug|Any CPU.ActiveCfg = Debug|Any CPU
		{062B190D-C761-4838-AF57-B5271B838645}.Debug|Any CPU.Build.0 = Debug|Any CPU
		{062B190D-C761-4838-AF57-B5271B838645}.Release|Any CPU.ActiveCfg = Release|Any CPU
		{062B190D-C761-4838-AF57-B5271B838645}.Release|Any CPU.Build.0 = Release|Any CPU
		{171AC3C8-CAEB-46ED-B144-7CCE9E908BB5}.Debug|Any CPU.ActiveCfg = Debug|Any CPU
		{171AC3C8-CAEB-46ED-B144-7CCE9E908BB5}.Debug|Any CPU.Build.0 = Debug|Any CPU
		{171AC3C8-CAEB-46ED-B144-7CCE9E908BB5}.Release|Any CPU.ActiveCfg = Release|Any CPU
		{171AC3C8-CAEB-46ED-B144-7CCE9E908BB5}.Release|Any CPU.Build.0 = Release|Any CPU
		{72CBFF48-F9CA-4F23-BF10-0FC8C25794FE}.Debug|Any CPU.ActiveCfg = Debug|Any CPU
		{72CBFF48-F9CA-4F23-BF10-0FC8C25794FE}.Debug|Any CPU.Build.0 = Debug|Any CPU
		{72CBFF48-F9CA-4F23-BF10-0FC8C25794FE}.Release|Any CPU.ActiveCfg = Release|Any CPU
		{72CBFF48-F9CA-4F23-BF10-0FC8C25794FE}.Release|Any CPU.Build.0 = Release|Any CPU
		{02FEE2EB-3221-472A-A649-4F350ACA86FB}.Debug|Any CPU.ActiveCfg = Debug|Any CPU
		{02FEE2EB-3221-472A-A649-4F350ACA86FB}.Debug|Any CPU.Build.0 = Debug|Any CPU
		{02FEE2EB-3221-472A-A649-4F350ACA86FB}.Release|Any CPU.ActiveCfg = Release|Any CPU
		{02FEE2EB-3221-472A-A649-4F350ACA86FB}.Release|Any CPU.Build.0 = Release|Any CPU
		{4E42067F-1FAF-42AC-8A82-ACAC928D6D3B}.Debug|Any CPU.ActiveCfg = Debug|Any CPU
		{4E42067F-1FAF-42AC-8A82-ACAC928D6D3B}.Debug|Any CPU.Build.0 = Debug|Any CPU
		{4E42067F-1FAF-42AC-8A82-ACAC928D6D3B}.Release|Any CPU.ActiveCfg = Release|Any CPU
		{4E42067F-1FAF-42AC-8A82-ACAC928D6D3B}.Release|Any CPU.Build.0 = Release|Any CPU
		{3F303069-1F2C-4C80-ADB4-B07ADCB92910}.Debug|Any CPU.ActiveCfg = Debug|Any CPU
		{3F303069-1F2C-4C80-ADB4-B07ADCB92910}.Debug|Any CPU.Build.0 = Debug|Any CPU
		{3F303069-1F2C-4C80-ADB4-B07ADCB92910}.Release|Any CPU.ActiveCfg = Release|Any CPU
		{3F303069-1F2C-4C80-ADB4-B07ADCB92910}.Release|Any CPU.Build.0 = Release|Any CPU
		{6D1D99E1-48D1-4F67-84D4-667DA95F5EF8}.Debug|Any CPU.ActiveCfg = Debug|Any CPU
		{6D1D99E1-48D1-4F67-84D4-667DA95F5EF8}.Debug|Any CPU.Build.0 = Debug|Any CPU
		{6D1D99E1-48D1-4F67-84D4-667DA95F5EF8}.Release|Any CPU.ActiveCfg = Release|Any CPU
		{6D1D99E1-48D1-4F67-84D4-667DA95F5EF8}.Release|Any CPU.Build.0 = Release|Any CPU
		{8595CEBD-3D5D-4B53-8444-920EF855AFAE}.Debug|Any CPU.ActiveCfg = Debug|Any CPU
		{8595CEBD-3D5D-4B53-8444-920EF855AFAE}.Debug|Any CPU.Build.0 = Debug|Any CPU
		{8595CEBD-3D5D-4B53-8444-920EF855AFAE}.Release|Any CPU.ActiveCfg = Release|Any CPU
		{8595CEBD-3D5D-4B53-8444-920EF855AFAE}.Release|Any CPU.Build.0 = Release|Any CPU
	EndGlobalSection
	GlobalSection(SolutionProperties) = preSolution
		HideSolutionNode = FALSE
	EndGlobalSection
	GlobalSection(NestedProjects) = preSolution
		{02E8EA4B-329D-4CBF-93FF-17E7F9D506DA} = {E6060F49-4035-48C0-8849-D371ABCB861B}
		{E90B3F06-D540-41BB-834D-73A73EC08A05} = {E6060F49-4035-48C0-8849-D371ABCB861B}
		{C92D10E8-24AC-462E-A948-D090C152C86F} = {E6060F49-4035-48C0-8849-D371ABCB861B}
		{4DB1E6F2-116F-423F-A035-F9C85485ADF6} = {1FFF207A-B704-4752-9E09-020F97B384A0}
		{C9933A5D-31C5-4A5A-8C45-478B2B526DBB} = {1FFF207A-B704-4752-9E09-020F97B384A0}
		{1D301B34-2578-4E16-B3AB-511F75D37401} = {1FFF207A-B704-4752-9E09-020F97B384A0}
		{59106BBE-3090-468A-AD51-C0081980F306} = {1FFF207A-B704-4752-9E09-020F97B384A0}
		{A1BA533D-FFEC-4147-9E02-41F9020668D4} = {1FFF207A-B704-4752-9E09-020F97B384A0}
		{8388F6D7-6A11-4333-A19C-0B4918100876} = {1FFF207A-B704-4752-9E09-020F97B384A0}
		{EE34DA9C-9FF8-4869-BE1D-9A0EE6D0DC50} = {1FFF207A-B704-4752-9E09-020F97B384A0}
		{58E6BE2A-C776-431A-B971-45FA087C45E4} = {9530724A-6151-434F-A4EE-A8AE713A60F9}
		{B4E01F6B-2A45-4364-AF8A-F6F713B876EA} = {9530724A-6151-434F-A4EE-A8AE713A60F9}
		{062B190D-C761-4838-AF57-B5271B838645} = {9530724A-6151-434F-A4EE-A8AE713A60F9}
		{171AC3C8-CAEB-46ED-B144-7CCE9E908BB5} = {EF8153D0-A17D-4C31-A1EC-B3F4B91EB8AA}
		{72CBFF48-F9CA-4F23-BF10-0FC8C25794FE} = {EF8153D0-A17D-4C31-A1EC-B3F4B91EB8AA}
		{02FEE2EB-3221-472A-A649-4F350ACA86FB} = {DA15265E-D631-4E76-ADC1-FE1F2B961CB7}
		{4E42067F-1FAF-42AC-8A82-ACAC928D6D3B} = {DA15265E-D631-4E76-ADC1-FE1F2B961CB7}
		{3F303069-1F2C-4C80-ADB4-B07ADCB92910} = {C15C061A-0CBF-43F4-A487-EA8BDEB800FA}
		{6D1D99E1-48D1-4F67-84D4-667DA95F5EF8} = {C15C061A-0CBF-43F4-A487-EA8BDEB800FA}
		{8595CEBD-3D5D-4B53-8444-920EF855AFAE} = {C15C061A-0CBF-43F4-A487-EA8BDEB800FA}
	EndGlobalSection
	GlobalSection(ExtensibilityGlobals) = postSolution
		SolutionGuid = {D5AAA510-2469-4C96-8FEB-E07C071A8E3D}
	EndGlobalSection
EndGlobal
